
Microsoft Visual Studio Solution File, Format Version 12.00
# Visual Studio 2015
Project("{FAE04EC0-301F-11D3-BF4B-00C04F79EFBC}") = "Project-Seladang-Hijau.CSharp", "Project-Seladang-Hijau.CSharp.csproj", "{926532B3-E634-666E-BF31-B03EEB9520E0}"
EndProject
Global
	GlobalSection(SolutionConfigurationPlatforms) = preSolution
		Debug|Any CPU = Debug|Any CPU
		Release|Any CPU = Release|Any CPU
	EndGlobalSection
	GlobalSection(ProjectConfigurationPlatforms) = postSolution
		{926532B3-E634-666E-BF31-B03EEB9520E0}.Debug|Any CPU.ActiveCfg = Debug|Any CPU
		{926532B3-E634-666E-BF31-B03EEB9520E0}.Debug|Any CPU.Build.0 = Debug|Any CPU
		{926532B3-E634-666E-BF31-B03EEB9520E0}.Release|Any CPU.ActiveCfg = Release|Any CPU
		{926532B3-E634-666E-BF31-B03EEB9520E0}.Release|Any CPU.Build.0 = Release|Any CPU
	EndGlobalSection
	GlobalSection(SolutionProperties) = preSolution
		HideSolutionNode = FALSE
	EndGlobalSection
EndGlobal
